
Microsoft Visual Studio Solution File, Format Version 12.00
# Visual Studio Version 17
Project("{2150E333-8FDC-42A3-9474-1A3956D46DE8}") = "CMakePredefinedTargets", "CMakePredefinedTargets", "{9DD28AAF-E51A-3AB8-962E-0CDFCE849C2E}"
EndProject
Project("{8BC9CEB8-8B4A-11D0-8D11-00A0C91BC942}") = "ALL_BUILD", "ALL_BUILD.vcxproj", "{FCF939D2-02EE-3A2A-BBBD-8B79FB960D2D}"
	ProjectSection(ProjectDependencies) = postProject
		{46CE2925-FDED-3F8C-8750-433E58427A5C} = {46CE2925-FDED-3F8C-8750-433E58427A5C}
		{995AE15F-CB20-3BB6-9739-CD9DBEDC12A7} = {995AE15F-CB20-3BB6-9739-CD9DBEDC12A7}
	EndProjectSection
EndProject
Project("{8BC9CEB8-8B4A-11D0-8D11-00A0C91BC942}") = "INSTALL", "INSTALL.vcxproj", "{E61FE42D-B1ED-35A0-B2F3-DDB5A1593A10}"
	ProjectSection(ProjectDependencies) = postProject
		{FCF939D2-02EE-3A2A-BBBD-8B79FB960D2D} = {FCF939D2-02EE-3A2A-BBBD-8B79FB960D2D}
		{46CE2925-FDED-3F8C-8750-433E58427A5C} = {46CE2925-FDED-3F8C-8750-433E58427A5C}
	EndProjectSection
EndProject
Project("{8BC9CEB8-8B4A-11D0-8D11-00A0C91BC942}") = "ZERO_CHECK", "ZERO_CHECK.vcxproj", "{46CE2925-FDED-3F8C-8750-433E58427A5C}"
	ProjectSection(ProjectDependencies) = postProject
	EndProjectSection
EndProject
Project("{8BC9CEB8-8B4A-11D0-8D11-00A0C91BC942}") = "testingProj", "testingProj.vcxproj", "{995AE15F-CB20-3BB6-9739-CD9DBEDC12A7}"
	ProjectSection(ProjectDependencies) = postProject
		{46CE2925-FDED-3F8C-8750-433E58427A5C} = {46CE2925-FDED-3F8C-8750-433E58427A5C}
	EndProjectSection
EndProject
Global
	GlobalSection(SolutionConfigurationPlatforms) = preSolution
		Debug|x64 = Debug|x64
		Release|x64 = Release|x64
		MinSizeRel|x64 = MinSizeRel|x64
		RelWithDebInfo|x64 = RelWithDebInfo|x64
	EndGlobalSection
	GlobalSection(ProjectConfigurationPlatforms) = postSolution
		{FCF939D2-02EE-3A2A-BBBD-8B79FB960D2D}.Debug|x64.ActiveCfg = Debug|x64
		{FCF939D2-02EE-3A2A-BBBD-8B79FB960D2D}.Debug|x64.Build.0 = Debug|x64
		{FCF939D2-02EE-3A2A-BBBD-8B79FB960D2D}.Release|x64.ActiveCfg = Release|x64
		{FCF939D2-02EE-3A2A-BBBD-8B79FB960D2D}.Release|x64.Build.0 = Release|x64
		{FCF939D2-02EE-3A2A-BBBD-8B79FB960D2D}.MinSizeRel|x64.ActiveCfg = MinSizeRel|x64
		{FCF939D2-02EE-3A2A-BBBD-8B79FB960D2D}.MinSizeRel|x64.Build.0 = MinSizeRel|x64
		{FCF939D2-02EE-3A2A-BBBD-8B79FB960D2D}.RelWithDebInfo|x64.ActiveCfg = RelWithDebInfo|x64
		{FCF939D2-02EE-3A2A-BBBD-8B79FB960D2D}.RelWithDebInfo|x64.Build.0 = RelWithDebInfo|x64
		{E61FE42D-B1ED-35A0-B2F3-DDB5A1593A10}.Debug|x64.ActiveCfg = Debug|x64
		{E61FE42D-B1ED-35A0-B2F3-DDB5A1593A10}.Release|x64.ActiveCfg = Release|x64
		{E61FE42D-B1ED-35A0-B2F3-DDB5A1593A10}.MinSizeRel|x64.ActiveCfg = MinSizeRel|x64
		{E61FE42D-B1ED-35A0-B2F3-DDB5A1593A10}.RelWithDebInfo|x64.ActiveCfg = RelWithDebInfo|x64
		{46CE2925-FDED-3F8C-8750-433E58427A5C}.Debug|x64.ActiveCfg = Debug|x64
		{46CE2925-FDED-3F8C-8750-433E58427A5C}.Debug|x64.Build.0 = Debug|x64
		{46CE2925-FDED-3F8C-8750-433E58427A5C}.Release|x64.ActiveCfg = Release|x64
		{46CE2925-FDED-3F8C-8750-433E58427A5C}.Release|x64.Build.0 = Release|x64
		{46CE2925-FDED-3F8C-8750-433E58427A5C}.MinSizeRel|x64.ActiveCfg = MinSizeRel|x64
		{46CE2925-FDED-3F8C-8750-433E58427A5C}.MinSizeRel|x64.Build.0 = MinSizeRel|x64
		{46CE2925-FDED-3F8C-8750-433E58427A5C}.RelWithDebInfo|x64.ActiveCfg = RelWithDebInfo|x64
		{46CE2925-FDED-3F8C-8750-433E58427A5C}.RelWithDebInfo|x64.Build.0 = RelWithDebInfo|x64
		{995AE15F-CB20-3BB6-9739-CD9DBEDC12A7}.Debug|x64.ActiveCfg = Debug|x64
		{995AE15F-CB20-3BB6-9739-CD9DBEDC12A7}.Debug|x64.Build.0 = Debug|x64
		{995AE15F-CB20-3BB6-9739-CD9DBEDC12A7}.Release|x64.ActiveCfg = Release|x64
		{995AE15F-CB20-3BB6-9739-CD9DBEDC12A7}.Release|x64.Build.0 = Release|x64
		{995AE15F-CB20-3BB6-9739-CD9DBEDC12A7}.MinSizeRel|x64.ActiveCfg = MinSizeRel|x64
		{995AE15F-CB20-3BB6-9739-CD9DBEDC12A7}.MinSizeRel|x64.Build.0 = MinSizeRel|x64
		{995AE15F-CB20-3BB6-9739-CD9DBEDC12A7}.RelWithDebInfo|x64.ActiveCfg = RelWithDebInfo|x64
		{995AE15F-CB20-3BB6-9739-CD9DBEDC12A7}.RelWithDebInfo|x64.Build.0 = RelWithDebInfo|x64
	EndGlobalSection
	GlobalSection(NestedProjects) = preSolution
		{FCF939D2-02EE-3A2A-BBBD-8B79FB960D2D} = {9DD28AAF-E51A-3AB8-962E-0CDFCE849C2E}
		{E61FE42D-B1ED-35A0-B2F3-DDB5A1593A10} = {9DD28AAF-E51A-3AB8-962E-0CDFCE849C2E}
		{46CE2925-FDED-3F8C-8750-433E58427A5C} = {9DD28AAF-E51A-3AB8-962E-0CDFCE849C2E}
	EndGlobalSection
	GlobalSection(ExtensibilityGlobals) = postSolution
		SolutionGuid = {D3115673-8C84-32EA-B735-73D2D66342CC}
	EndGlobalSection
	GlobalSection(ExtensibilityAddIns) = postSolution
	EndGlobalSection
EndGlobal
