
Microsoft Visual Studio Solution File, Format Version 12.00
# Visual Studio Version 17
Project("{2150E333-8FDC-42A3-9474-1A3956D46DE8}") = "CMakePredefinedTargets", "CMakePredefinedTargets", "{29DD33F8-36DA-3720-B554-EB66FDEA9804}"
EndProject
Project("{8BC9CEB8-8B4A-11D0-8D11-00A0C91BC942}") = "ALL_BUILD", "ALL_BUILD.vcxproj", "{E7E2A29B-E0B1-31E2-8417-C62BEE2ED47B}"
	ProjectSection(ProjectDependencies) = postProject
		{E232D450-6DD1-3016-9D70-D29BD9A58470} = {E232D450-6DD1-3016-9D70-D29BD9A58470}
		{231BAD6A-2AFB-3C2A-8EBB-3A9FC87A4DAD} = {231BAD6A-2AFB-3C2A-8EBB-3A9FC87A4DAD}
	EndProjectSection
EndProject
Project("{8BC9CEB8-8B4A-11D0-8D11-00A0C91BC942}") = "INSTALL", "INSTALL.vcxproj", "{D097337E-6673-323B-A10F-95662376E242}"
	ProjectSection(ProjectDependencies) = postProject
		{E7E2A29B-E0B1-31E2-8417-C62BEE2ED47B} = {E7E2A29B-E0B1-31E2-8417-C62BEE2ED47B}
		{E232D450-6DD1-3016-9D70-D29BD9A58470} = {E232D450-6DD1-3016-9D70-D29BD9A58470}
	EndProjectSection
EndProject
Project("{8BC9CEB8-8B4A-11D0-8D11-00A0C91BC942}") = "ZERO_CHECK", "ZERO_CHECK.vcxproj", "{E232D450-6DD1-3016-9D70-D29BD9A58470}"
	ProjectSection(ProjectDependencies) = postProject
	EndProjectSection
EndProject
Project("{8BC9CEB8-8B4A-11D0-8D11-00A0C91BC942}") = "testingProj", "testingProj.vcxproj", "{231BAD6A-2AFB-3C2A-8EBB-3A9FC87A4DAD}"
	ProjectSection(ProjectDependencies) = postProject
		{E232D450-6DD1-3016-9D70-D29BD9A58470} = {E232D450-6DD1-3016-9D70-D29BD9A58470}
	EndProjectSection
EndProject
Global
	GlobalSection(SolutionConfigurationPlatforms) = preSolution
		Debug|x64 = Debug|x64
		Release|x64 = Release|x64
		MinSizeRel|x64 = MinSizeRel|x64
		RelWithDebInfo|x64 = RelWithDebInfo|x64
	EndGlobalSection
	GlobalSection(ProjectConfigurationPlatforms) = postSolution
		{E7E2A29B-E0B1-31E2-8417-C62BEE2ED47B}.Debug|x64.ActiveCfg = Debug|x64
		{E7E2A29B-E0B1-31E2-8417-C62BEE2ED47B}.Debug|x64.Build.0 = Debug|x64
		{E7E2A29B-E0B1-31E2-8417-C62BEE2ED47B}.Release|x64.ActiveCfg = Release|x64
		{E7E2A29B-E0B1-31E2-8417-C62BEE2ED47B}.Release|x64.Build.0 = Release|x64
		{E7E2A29B-E0B1-31E2-8417-C62BEE2ED47B}.MinSizeRel|x64.ActiveCfg = MinSizeRel|x64
		{E7E2A29B-E0B1-31E2-8417-C62BEE2ED47B}.MinSizeRel|x64.Build.0 = MinSizeRel|x64
		{E7E2A29B-E0B1-31E2-8417-C62BEE2ED47B}.RelWithDebInfo|x64.ActiveCfg = RelWithDebInfo|x64
		{E7E2A29B-E0B1-31E2-8417-C62BEE2ED47B}.RelWithDebInfo|x64.Build.0 = RelWithDebInfo|x64
		{D097337E-6673-323B-A10F-95662376E242}.Debug|x64.ActiveCfg = Debug|x64
		{D097337E-6673-323B-A10F-95662376E242}.Release|x64.ActiveCfg = Release|x64
		{D097337E-6673-323B-A10F-95662376E242}.MinSizeRel|x64.ActiveCfg = MinSizeRel|x64
		{D097337E-6673-323B-A10F-95662376E242}.RelWithDebInfo|x64.ActiveCfg = RelWithDebInfo|x64
		{E232D450-6DD1-3016-9D70-D29BD9A58470}.Debug|x64.ActiveCfg = Debug|x64
		{E232D450-6DD1-3016-9D70-D29BD9A58470}.Debug|x64.Build.0 = Debug|x64
		{E232D450-6DD1-3016-9D70-D29BD9A58470}.Release|x64.ActiveCfg = Release|x64
		{E232D450-6DD1-3016-9D70-D29BD9A58470}.Release|x64.Build.0 = Release|x64
		{E232D450-6DD1-3016-9D70-D29BD9A58470}.MinSizeRel|x64.ActiveCfg = MinSizeRel|x64
		{E232D450-6DD1-3016-9D70-D29BD9A58470}.MinSizeRel|x64.Build.0 = MinSizeRel|x64
		{E232D450-6DD1-3016-9D70-D29BD9A58470}.RelWithDebInfo|x64.ActiveCfg = RelWithDebInfo|x64
		{E232D450-6DD1-3016-9D70-D29BD9A58470}.RelWithDebInfo|x64.Build.0 = RelWithDebInfo|x64
		{231BAD6A-2AFB-3C2A-8EBB-3A9FC87A4DAD}.Debug|x64.ActiveCfg = Debug|x64
		{231BAD6A-2AFB-3C2A-8EBB-3A9FC87A4DAD}.Debug|x64.Build.0 = Debug|x64
		{231BAD6A-2AFB-3C2A-8EBB-3A9FC87A4DAD}.Release|x64.ActiveCfg = Release|x64
		{231BAD6A-2AFB-3C2A-8EBB-3A9FC87A4DAD}.Release|x64.Build.0 = Release|x64
		{231BAD6A-2AFB-3C2A-8EBB-3A9FC87A4DAD}.MinSizeRel|x64.ActiveCfg = MinSizeRel|x64
		{231BAD6A-2AFB-3C2A-8EBB-3A9FC87A4DAD}.MinSizeRel|x64.Build.0 = MinSizeRel|x64
		{231BAD6A-2AFB-3C2A-8EBB-3A9FC87A4DAD}.RelWithDebInfo|x64.ActiveCfg = RelWithDebInfo|x64
		{231BAD6A-2AFB-3C2A-8EBB-3A9FC87A4DAD}.RelWithDebInfo|x64.Build.0 = RelWithDebInfo|x64
	EndGlobalSection
	GlobalSection(NestedProjects) = preSolution
		{E7E2A29B-E0B1-31E2-8417-C62BEE2ED47B} = {29DD33F8-36DA-3720-B554-EB66FDEA9804}
		{D097337E-6673-323B-A10F-95662376E242} = {29DD33F8-36DA-3720-B554-EB66FDEA9804}
		{E232D450-6DD1-3016-9D70-D29BD9A58470} = {29DD33F8-36DA-3720-B554-EB66FDEA9804}
	EndGlobalSection
	GlobalSection(ExtensibilityGlobals) = postSolution
		SolutionGuid = {5031276D-4716-3A59-9C7A-9F182428E919}
	EndGlobalSection
	GlobalSection(ExtensibilityAddIns) = postSolution
	EndGlobalSection
EndGlobal
