<?xml version="1.0" encoding="utf-8"?>
<Project ToolsVersion="17.0" xmlns="http://schemas.microsoft.com/developer/msbuild/2003">
  <ItemGroup>
    <CustomBuild Include="D:\Docs\Code\Engines\GlassEngine\Test Project\testProj\CMakeFiles\d95952e6bc2fa4f780479238e14d1646\generate.stamp.rule">
      <Filter>CMake Rules</Filter>
    </CustomBuild>
  </ItemGroup>
  <ItemGroup>
    <Filter Include="CMake Rules">
      <UniqueIdentifier>{43395082-5472-321C-B28A-CFCE4ECC49AA}</UniqueIdentifier>
    </Filter>
  </ItemGroup>
</Project>
