<?xml version="1.0" encoding="utf-8"?>
<Project ToolsVersion="17.0" xmlns="http://schemas.microsoft.com/developer/msbuild/2003">
  <ItemGroup>
    <CustomBuild Include="D:\Docs\Code\Engines\Glass Engine 1\buildPlugins\CMakeFiles\3fc99e69bbcc4f9be3a58b226dec3180\generate.stamp.rule">
      <Filter>CMake Rules</Filter>
    </CustomBuild>
  </ItemGroup>
  <ItemGroup>
    <Filter Include="CMake Rules">
      <UniqueIdentifier>{8D79DBD2-907C-3E22-8B80-C5AE2006887C}</UniqueIdentifier>
    </Filter>
  </ItemGroup>
</Project>
