
Microsoft Visual Studio Solution File, Format Version 12.00
# Visual Studio Version 17
Project("{2150E333-8FDC-42A3-9474-1A3956D46DE8}") = "CMakePredefinedTargets", "CMakePredefinedTargets", "{62C7A008-2040-3E8E-ACE8-7B930B09BA83}"
EndProject
Project("{2150E333-8FDC-42A3-9474-1A3956D46DE8}") = "GLFW3", "GLFW3", "{A6173C20-86FE-37D9-BA72-3B8121520446}"
EndProject
Project("{8BC9CEB8-8B4A-11D0-8D11-00A0C91BC942}") = "ALL_BUILD", "ALL_BUILD.vcxproj", "{C23E9FF0-76F8-33B8-B8EF-542317CAEF4C}"
	ProjectSection(ProjectDependencies) = postProject
		{834AA4AE-1101-3855-9973-920FC3C3B25D} = {834AA4AE-1101-3855-9973-920FC3C3B25D}
		{833474A4-AA56-30CE-9DA3-C27B682593DA} = {833474A4-AA56-30CE-9DA3-C27B682593DA}
		{C1632A58-A6B5-36A7-A58D-4611F32715F8} = {C1632A58-A6B5-36A7-A58D-4611F32715F8}
		{6A4650DC-A2FF-36E1-A527-2054094351EB} = {6A4650DC-A2FF-36E1-A527-2054094351EB}
	EndProjectSection
EndProject
Project("{8BC9CEB8-8B4A-11D0-8D11-00A0C91BC942}") = "GlassGFX.openGL", "GlassGFX.openGL.vcxproj", "{834AA4AE-1101-3855-9973-920FC3C3B25D}"
	ProjectSection(ProjectDependencies) = postProject
		{833474A4-AA56-30CE-9DA3-C27B682593DA} = {833474A4-AA56-30CE-9DA3-C27B682593DA}
		{C1632A58-A6B5-36A7-A58D-4611F32715F8} = {C1632A58-A6B5-36A7-A58D-4611F32715F8}
		{6A4650DC-A2FF-36E1-A527-2054094351EB} = {6A4650DC-A2FF-36E1-A527-2054094351EB}
	EndProjectSection
EndProject
Project("{8BC9CEB8-8B4A-11D0-8D11-00A0C91BC942}") = "INSTALL", "INSTALL.vcxproj", "{54BB2198-A95F-3F27-81F7-3EA5791C6261}"
	ProjectSection(ProjectDependencies) = postProject
		{C23E9FF0-76F8-33B8-B8EF-542317CAEF4C} = {C23E9FF0-76F8-33B8-B8EF-542317CAEF4C}
		{833474A4-AA56-30CE-9DA3-C27B682593DA} = {833474A4-AA56-30CE-9DA3-C27B682593DA}
	EndProjectSection
EndProject
Project("{8BC9CEB8-8B4A-11D0-8D11-00A0C91BC942}") = "ZERO_CHECK", "..\\ZERO_CHECK.vcxproj", "{833474A4-AA56-30CE-9DA3-C27B682593DA}"
	ProjectSection(ProjectDependencies) = postProject
	EndProjectSection
EndProject
Project("{8BC9CEB8-8B4A-11D0-8D11-00A0C91BC942}") = "glfw", "..\_deps\glfw-build\src\glfw.vcxproj", "{C1632A58-A6B5-36A7-A58D-4611F32715F8}"
	ProjectSection(ProjectDependencies) = postProject
		{833474A4-AA56-30CE-9DA3-C27B682593DA} = {833474A4-AA56-30CE-9DA3-C27B682593DA}
	EndProjectSection
EndProject
Project("{8BC9CEB8-8B4A-11D0-8D11-00A0C91BC942}") = "libglew_static", "..\_deps\glew-build\libglew_static.vcxproj", "{6A4650DC-A2FF-36E1-A527-2054094351EB}"
	ProjectSection(ProjectDependencies) = postProject
		{833474A4-AA56-30CE-9DA3-C27B682593DA} = {833474A4-AA56-30CE-9DA3-C27B682593DA}
	EndProjectSection
EndProject
Project("{8BC9CEB8-8B4A-11D0-8D11-00A0C91BC942}") = "uninstall", "..\_deps\glfw-build\uninstall.vcxproj", "{BD21C359-B8BA-39B5-A6EF-8B12DD455A4F}"
	ProjectSection(ProjectDependencies) = postProject
		{833474A4-AA56-30CE-9DA3-C27B682593DA} = {833474A4-AA56-30CE-9DA3-C27B682593DA}
	EndProjectSection
EndProject
Project("{8BC9CEB8-8B4A-11D0-8D11-00A0C91BC942}") = "update_mappings", "..\_deps\glfw-build\src\update_mappings.vcxproj", "{BA6A7259-EF7B-33FD-AC82-B2ACA5D9160C}"
	ProjectSection(ProjectDependencies) = postProject
		{833474A4-AA56-30CE-9DA3-C27B682593DA} = {833474A4-AA56-30CE-9DA3-C27B682593DA}
	EndProjectSection
EndProject
Global
	GlobalSection(SolutionConfigurationPlatforms) = preSolution
		Debug|x64 = Debug|x64
		Release|x64 = Release|x64
		MinSizeRel|x64 = MinSizeRel|x64
		RelWithDebInfo|x64 = RelWithDebInfo|x64
	EndGlobalSection
	GlobalSection(ProjectConfigurationPlatforms) = postSolution
		{C23E9FF0-76F8-33B8-B8EF-542317CAEF4C}.Debug|x64.ActiveCfg = Debug|x64
		{C23E9FF0-76F8-33B8-B8EF-542317CAEF4C}.Debug|x64.Build.0 = Debug|x64
		{C23E9FF0-76F8-33B8-B8EF-542317CAEF4C}.Release|x64.ActiveCfg = Release|x64
		{C23E9FF0-76F8-33B8-B8EF-542317CAEF4C}.Release|x64.Build.0 = Release|x64
		{C23E9FF0-76F8-33B8-B8EF-542317CAEF4C}.MinSizeRel|x64.ActiveCfg = MinSizeRel|x64
		{C23E9FF0-76F8-33B8-B8EF-542317CAEF4C}.MinSizeRel|x64.Build.0 = MinSizeRel|x64
		{C23E9FF0-76F8-33B8-B8EF-542317CAEF4C}.RelWithDebInfo|x64.ActiveCfg = RelWithDebInfo|x64
		{C23E9FF0-76F8-33B8-B8EF-542317CAEF4C}.RelWithDebInfo|x64.Build.0 = RelWithDebInfo|x64
		{834AA4AE-1101-3855-9973-920FC3C3B25D}.Debug|x64.ActiveCfg = Debug|x64
		{834AA4AE-1101-3855-9973-920FC3C3B25D}.Debug|x64.Build.0 = Debug|x64
		{834AA4AE-1101-3855-9973-920FC3C3B25D}.Release|x64.ActiveCfg = Release|x64
		{834AA4AE-1101-3855-9973-920FC3C3B25D}.Release|x64.Build.0 = Release|x64
		{834AA4AE-1101-3855-9973-920FC3C3B25D}.MinSizeRel|x64.ActiveCfg = MinSizeRel|x64
		{834AA4AE-1101-3855-9973-920FC3C3B25D}.MinSizeRel|x64.Build.0 = MinSizeRel|x64
		{834AA4AE-1101-3855-9973-920FC3C3B25D}.RelWithDebInfo|x64.ActiveCfg = RelWithDebInfo|x64
		{834AA4AE-1101-3855-9973-920FC3C3B25D}.RelWithDebInfo|x64.Build.0 = RelWithDebInfo|x64
		{54BB2198-A95F-3F27-81F7-3EA5791C6261}.Debug|x64.ActiveCfg = Debug|x64
		{54BB2198-A95F-3F27-81F7-3EA5791C6261}.Release|x64.ActiveCfg = Release|x64
		{54BB2198-A95F-3F27-81F7-3EA5791C6261}.MinSizeRel|x64.ActiveCfg = MinSizeRel|x64
		{54BB2198-A95F-3F27-81F7-3EA5791C6261}.RelWithDebInfo|x64.ActiveCfg = RelWithDebInfo|x64
		{833474A4-AA56-30CE-9DA3-C27B682593DA}.Debug|x64.ActiveCfg = Debug|x64
		{833474A4-AA56-30CE-9DA3-C27B682593DA}.Debug|x64.Build.0 = Debug|x64
		{833474A4-AA56-30CE-9DA3-C27B682593DA}.Release|x64.ActiveCfg = Release|x64
		{833474A4-AA56-30CE-9DA3-C27B682593DA}.Release|x64.Build.0 = Release|x64
		{833474A4-AA56-30CE-9DA3-C27B682593DA}.MinSizeRel|x64.ActiveCfg = MinSizeRel|x64
		{833474A4-AA56-30CE-9DA3-C27B682593DA}.MinSizeRel|x64.Build.0 = MinSizeRel|x64
		{833474A4-AA56-30CE-9DA3-C27B682593DA}.RelWithDebInfo|x64.ActiveCfg = RelWithDebInfo|x64
		{833474A4-AA56-30CE-9DA3-C27B682593DA}.RelWithDebInfo|x64.Build.0 = RelWithDebInfo|x64
		{C1632A58-A6B5-36A7-A58D-4611F32715F8}.Debug|x64.ActiveCfg = Debug|x64
		{C1632A58-A6B5-36A7-A58D-4611F32715F8}.Debug|x64.Build.0 = Debug|x64
		{C1632A58-A6B5-36A7-A58D-4611F32715F8}.Release|x64.ActiveCfg = Release|x64
		{C1632A58-A6B5-36A7-A58D-4611F32715F8}.Release|x64.Build.0 = Release|x64
		{C1632A58-A6B5-36A7-A58D-4611F32715F8}.MinSizeRel|x64.ActiveCfg = MinSizeRel|x64
		{C1632A58-A6B5-36A7-A58D-4611F32715F8}.MinSizeRel|x64.Build.0 = MinSizeRel|x64
		{C1632A58-A6B5-36A7-A58D-4611F32715F8}.RelWithDebInfo|x64.ActiveCfg = RelWithDebInfo|x64
		{C1632A58-A6B5-36A7-A58D-4611F32715F8}.RelWithDebInfo|x64.Build.0 = RelWithDebInfo|x64
		{6A4650DC-A2FF-36E1-A527-2054094351EB}.Debug|x64.ActiveCfg = Debug|x64
		{6A4650DC-A2FF-36E1-A527-2054094351EB}.Debug|x64.Build.0 = Debug|x64
		{6A4650DC-A2FF-36E1-A527-2054094351EB}.Release|x64.ActiveCfg = Release|x64
		{6A4650DC-A2FF-36E1-A527-2054094351EB}.Release|x64.Build.0 = Release|x64
		{6A4650DC-A2FF-36E1-A527-2054094351EB}.MinSizeRel|x64.ActiveCfg = MinSizeRel|x64
		{6A4650DC-A2FF-36E1-A527-2054094351EB}.MinSizeRel|x64.Build.0 = MinSizeRel|x64
		{6A4650DC-A2FF-36E1-A527-2054094351EB}.RelWithDebInfo|x64.ActiveCfg = RelWithDebInfo|x64
		{6A4650DC-A2FF-36E1-A527-2054094351EB}.RelWithDebInfo|x64.Build.0 = RelWithDebInfo|x64
		{BD21C359-B8BA-39B5-A6EF-8B12DD455A4F}.Debug|x64.ActiveCfg = Debug|x64
		{BD21C359-B8BA-39B5-A6EF-8B12DD455A4F}.Release|x64.ActiveCfg = Release|x64
		{BD21C359-B8BA-39B5-A6EF-8B12DD455A4F}.MinSizeRel|x64.ActiveCfg = MinSizeRel|x64
		{BD21C359-B8BA-39B5-A6EF-8B12DD455A4F}.RelWithDebInfo|x64.ActiveCfg = RelWithDebInfo|x64
		{BA6A7259-EF7B-33FD-AC82-B2ACA5D9160C}.Debug|x64.ActiveCfg = Debug|x64
		{BA6A7259-EF7B-33FD-AC82-B2ACA5D9160C}.Release|x64.ActiveCfg = Release|x64
		{BA6A7259-EF7B-33FD-AC82-B2ACA5D9160C}.MinSizeRel|x64.ActiveCfg = MinSizeRel|x64
		{BA6A7259-EF7B-33FD-AC82-B2ACA5D9160C}.RelWithDebInfo|x64.ActiveCfg = RelWithDebInfo|x64
	EndGlobalSection
	GlobalSection(NestedProjects) = preSolution
		{C23E9FF0-76F8-33B8-B8EF-542317CAEF4C} = {62C7A008-2040-3E8E-ACE8-7B930B09BA83}
		{54BB2198-A95F-3F27-81F7-3EA5791C6261} = {62C7A008-2040-3E8E-ACE8-7B930B09BA83}
		{833474A4-AA56-30CE-9DA3-C27B682593DA} = {62C7A008-2040-3E8E-ACE8-7B930B09BA83}
		{C1632A58-A6B5-36A7-A58D-4611F32715F8} = {A6173C20-86FE-37D9-BA72-3B8121520446}
		{BD21C359-B8BA-39B5-A6EF-8B12DD455A4F} = {A6173C20-86FE-37D9-BA72-3B8121520446}
		{BA6A7259-EF7B-33FD-AC82-B2ACA5D9160C} = {A6173C20-86FE-37D9-BA72-3B8121520446}
	EndGlobalSection
	GlobalSection(ExtensibilityGlobals) = postSolution
		SolutionGuid = {4A7DB7A7-0ED2-30DA-BA94-8B59E2F6FF38}
	EndGlobalSection
	GlobalSection(ExtensibilityAddIns) = postSolution
	EndGlobalSection
EndGlobal
