<?xml version="1.0" encoding="utf-8"?>
<Project ToolsVersion="17.0" xmlns="http://schemas.microsoft.com/developer/msbuild/2003">
  <ItemGroup>
    <ClCompile Include="D:\Docs\Code\Engines\Glass Engine 1\src\Plugins\GlassGFXopenGL\src\openglPlugin.cpp">
      <Filter>Source Files</Filter>
    </ClCompile>
  </ItemGroup>
  <ItemGroup>
    <ClInclude Include="D:\Docs\Code\Engines\Glass Engine 1\src\Plugins\GlassGFXopenGL\src\oglPlugin.h">
      <Filter>Header Files</Filter>
    </ClInclude>
  </ItemGroup>
  <ItemGroup>
    <CustomBuild Include="D:\Docs\Code\Engines\Glass Engine 1\src\Plugins\GlassGFXopenGL\CMakeLists.txt" />
  </ItemGroup>
  <ItemGroup>
    <Filter Include="Header Files">
      <UniqueIdentifier>{17E0A9BF-C983-3E75-8DAD-D4FFC24113EE}</UniqueIdentifier>
    </Filter>
    <Filter Include="Source Files">
      <UniqueIdentifier>{83702AC6-8791-3D2C-B214-E2B2C97F08B2}</UniqueIdentifier>
    </Filter>
  </ItemGroup>
</Project>
